
Microsoft Visual Studio Solution File, Format Version 12.00
# Visual Studio Version 17
VisualStudioVersion = 17.11.35312.102
MinimumVisualStudioVersion = 10.0.40219.1
Project("{9A19103F-16F7-4668-BE54-9A1E7A4F7556}") = "UserService", "UserService\UserService.csproj", "{BF69CF42-D967-4BC5-9266-B8CA421D2F8C}"
EndProject
Project("{9A19103F-16F7-4668-BE54-9A1E7A4F7556}") = "UserServiceUnitTests", "UserServiceUnitTests\UserServiceUnitTests.csproj", "{B21F2027-61AF-4F09-AF8F-3F077EBA4CD8}"
EndProject
Project("{9A19103F-16F7-4668-BE54-9A1E7A4F7556}") = "Endpointspam", "LoadTest\Endpointspam.csproj", "{43C6E4CE-A663-4BCE-97A0-12FF4025433F}"
EndProject
Global
	GlobalSection(SolutionConfigurationPlatforms) = preSolution
		Debug|Any CPU = Debug|Any CPU
		Release|Any CPU = Release|Any CPU
	EndGlobalSection
	GlobalSection(ProjectConfigurationPlatforms) = postSolution
		{BF69CF42-D967-4BC5-9266-B8CA421D2F8C}.Debug|Any CPU.ActiveCfg = Debug|Any CPU
		{BF69CF42-D967-4BC5-9266-B8CA421D2F8C}.Debug|Any CPU.Build.0 = Debug|Any CPU
		{BF69CF42-D967-4BC5-9266-B8CA421D2F8C}.Release|Any CPU.ActiveCfg = Release|Any CPU
		{BF69CF42-D967-4BC5-9266-B8CA421D2F8C}.Release|Any CPU.Build.0 = Release|Any CPU
		{B21F2027-61AF-4F09-AF8F-3F077EBA4CD8}.Debug|Any CPU.ActiveCfg = Debug|Any CPU
		{B21F2027-61AF-4F09-AF8F-3F077EBA4CD8}.Debug|Any CPU.Build.0 = Debug|Any CPU
		{B21F2027-61AF-4F09-AF8F-3F077EBA4CD8}.Release|Any CPU.ActiveCfg = Release|Any CPU
		{B21F2027-61AF-4F09-AF8F-3F077EBA4CD8}.Release|Any CPU.Build.0 = Release|Any CPU
		{43C6E4CE-A663-4BCE-97A0-12FF4025433F}.Debug|Any CPU.ActiveCfg = Debug|Any CPU
		{43C6E4CE-A663-4BCE-97A0-12FF4025433F}.Debug|Any CPU.Build.0 = Debug|Any CPU
		{43C6E4CE-A663-4BCE-97A0-12FF4025433F}.Release|Any CPU.ActiveCfg = Release|Any CPU
		{43C6E4CE-A663-4BCE-97A0-12FF4025433F}.Release|Any CPU.Build.0 = Release|Any CPU
	EndGlobalSection
	GlobalSection(SolutionProperties) = preSolution
		HideSolutionNode = FALSE
	EndGlobalSection
	GlobalSection(ExtensibilityGlobals) = postSolution
		SolutionGuid = {2FF07BB4-27EC-4E9B-8F28-C6332044A94D}
	EndGlobalSection
EndGlobal
